
Microsoft Visual Studio Solution File, Format Version 12.00
# Visual Studio 15
VisualStudioVersion = 15.0.28307.489
MinimumVisualStudioVersion = 10.0.40219.1
Project("{FAE04EC0-301F-11D3-BF4B-00C04F79EFBC}") = "ServiceVoice", "ServiceVoice\ServiceVoice.csproj", "{2B71B5FD-223A-4975-8DA4-1AB25E334EBF}"
EndProject
Global
	GlobalSection(SolutionConfigurationPlatforms) = preSolution
		Debug|Any CPU = Debug|Any CPU
		Release|Any CPU = Release|Any CPU
	EndGlobalSection
	GlobalSection(ProjectConfigurationPlatforms) = postSolution
		{2B71B5FD-223A-4975-8DA4-1AB25E334EBF}.Debug|Any CPU.ActiveCfg = Debug|Any CPU
		{2B71B5FD-223A-4975-8DA4-1AB25E334EBF}.Debug|Any CPU.Build.0 = Debug|Any CPU
		{2B71B5FD-223A-4975-8DA4-1AB25E334EBF}.Release|Any CPU.ActiveCfg = Release|Any CPU
		{2B71B5FD-223A-4975-8DA4-1AB25E334EBF}.Release|Any CPU.Build.0 = Release|Any CPU
	EndGlobalSection
	GlobalSection(SolutionProperties) = preSolution
		HideSolutionNode = FALSE
	EndGlobalSection
	GlobalSection(ExtensibilityGlobals) = postSolution
		SolutionGuid = {0A4BD810-2922-4BCE-AEC8-69EB33607C23}
	EndGlobalSection
EndGlobal
