
Microsoft Visual Studio Solution File, Format Version 12.00
# Visual Studio Version 16
VisualStudioVersion = 16.0.29409.12
MinimumVisualStudioVersion = 10.0.40219.1
Project("{FAE04EC0-301F-11D3-BF4B-00C04F79EFBC}") = "Test.Client", "Test.Client\Test.Client.csproj", "{B2608FEB-948F-45CA-891F-AA88C621B35A}"
	ProjectSection(ProjectDependencies) = postProject
		{BEB60FD5-528B-4B8B-BA02-169EB02008DF} = {BEB60FD5-528B-4B8B-BA02-169EB02008DF}
	EndProjectSection
EndProject
Project("{FAE04EC0-301F-11D3-BF4B-00C04F79EFBC}") = "Test.Service", "Test.Service\Test.Service.csproj", "{BEB60FD5-528B-4B8B-BA02-169EB02008DF}"
EndProject
Project("{FAE04EC0-301F-11D3-BF4B-00C04F79EFBC}") = "Ztest", "Ztest\Ztest.csproj", "{D7A54EA0-4BF4-46CC-A5D0-DF809413EDE6}"
	ProjectSection(ProjectDependencies) = postProject
		{BEB60FD5-528B-4B8B-BA02-169EB02008DF} = {BEB60FD5-528B-4B8B-BA02-169EB02008DF}
	EndProjectSection
EndProject
Project("{FAE04EC0-301F-11D3-BF4B-00C04F79EFBC}") = "Test.Db", "Test.Db\Test.Db.csproj", "{6521B86E-0273-4D40-A437-BE8FB0E64CC1}"
EndProject
Project("{FAE04EC0-301F-11D3-BF4B-00C04F79EFBC}") = "Test.ClientWpf", "Test.ClientWpf\Test.ClientWpf.csproj", "{10C6093B-E20C-43E2-AA63-20A4564F290D}"
EndProject
Project("{FAE04EC0-301F-11D3-BF4B-00C04F79EFBC}") = "NetFrameWork.Core", "NetFrameWork.Core\NetFrameWork.Core.csproj", "{085779A7-1A49-437D-ABB7-B5C1AED8FB50}"
EndProject
Project("{FAE04EC0-301F-11D3-BF4B-00C04F79EFBC}") = "NetFrameWork.Database", "NetFrameWork.Database\NetFrameWork.Database.csproj", "{08535C08-E1D5-43C9-B5CC-4F7F5958E00F}"
EndProject
Global
	GlobalSection(SolutionConfigurationPlatforms) = preSolution
		Debug|Any CPU = Debug|Any CPU
		Release|Any CPU = Release|Any CPU
	EndGlobalSection
	GlobalSection(ProjectConfigurationPlatforms) = postSolution
		{B2608FEB-948F-45CA-891F-AA88C621B35A}.Debug|Any CPU.ActiveCfg = Debug|Any CPU
		{B2608FEB-948F-45CA-891F-AA88C621B35A}.Debug|Any CPU.Build.0 = Debug|Any CPU
		{B2608FEB-948F-45CA-891F-AA88C621B35A}.Release|Any CPU.ActiveCfg = Release|Any CPU
		{B2608FEB-948F-45CA-891F-AA88C621B35A}.Release|Any CPU.Build.0 = Release|Any CPU
		{BEB60FD5-528B-4B8B-BA02-169EB02008DF}.Debug|Any CPU.ActiveCfg = Debug|Any CPU
		{BEB60FD5-528B-4B8B-BA02-169EB02008DF}.Debug|Any CPU.Build.0 = Debug|Any CPU
		{BEB60FD5-528B-4B8B-BA02-169EB02008DF}.Release|Any CPU.ActiveCfg = Release|Any CPU
		{BEB60FD5-528B-4B8B-BA02-169EB02008DF}.Release|Any CPU.Build.0 = Release|Any CPU
		{D7A54EA0-4BF4-46CC-A5D0-DF809413EDE6}.Debug|Any CPU.ActiveCfg = Debug|Any CPU
		{D7A54EA0-4BF4-46CC-A5D0-DF809413EDE6}.Debug|Any CPU.Build.0 = Debug|Any CPU
		{D7A54EA0-4BF4-46CC-A5D0-DF809413EDE6}.Release|Any CPU.ActiveCfg = Release|Any CPU
		{D7A54EA0-4BF4-46CC-A5D0-DF809413EDE6}.Release|Any CPU.Build.0 = Release|Any CPU
		{6521B86E-0273-4D40-A437-BE8FB0E64CC1}.Debug|Any CPU.ActiveCfg = Debug|Any CPU
		{6521B86E-0273-4D40-A437-BE8FB0E64CC1}.Debug|Any CPU.Build.0 = Debug|Any CPU
		{6521B86E-0273-4D40-A437-BE8FB0E64CC1}.Release|Any CPU.ActiveCfg = Release|Any CPU
		{6521B86E-0273-4D40-A437-BE8FB0E64CC1}.Release|Any CPU.Build.0 = Release|Any CPU
		{10C6093B-E20C-43E2-AA63-20A4564F290D}.Debug|Any CPU.ActiveCfg = Debug|Any CPU
		{10C6093B-E20C-43E2-AA63-20A4564F290D}.Debug|Any CPU.Build.0 = Debug|Any CPU
		{10C6093B-E20C-43E2-AA63-20A4564F290D}.Release|Any CPU.ActiveCfg = Release|Any CPU
		{10C6093B-E20C-43E2-AA63-20A4564F290D}.Release|Any CPU.Build.0 = Release|Any CPU
		{085779A7-1A49-437D-ABB7-B5C1AED8FB50}.Debug|Any CPU.ActiveCfg = Debug|Any CPU
		{085779A7-1A49-437D-ABB7-B5C1AED8FB50}.Debug|Any CPU.Build.0 = Debug|Any CPU
		{085779A7-1A49-437D-ABB7-B5C1AED8FB50}.Release|Any CPU.ActiveCfg = Release|Any CPU
		{085779A7-1A49-437D-ABB7-B5C1AED8FB50}.Release|Any CPU.Build.0 = Release|Any CPU
		{08535C08-E1D5-43C9-B5CC-4F7F5958E00F}.Debug|Any CPU.ActiveCfg = Debug|Any CPU
		{08535C08-E1D5-43C9-B5CC-4F7F5958E00F}.Debug|Any CPU.Build.0 = Debug|Any CPU
		{08535C08-E1D5-43C9-B5CC-4F7F5958E00F}.Release|Any CPU.ActiveCfg = Release|Any CPU
		{08535C08-E1D5-43C9-B5CC-4F7F5958E00F}.Release|Any CPU.Build.0 = Release|Any CPU
	EndGlobalSection
	GlobalSection(SolutionProperties) = preSolution
		HideSolutionNode = FALSE
	EndGlobalSection
	GlobalSection(ExtensibilityGlobals) = postSolution
		SolutionGuid = {3D6F36BD-2B00-49B3-B03D-27BDAB17A55B}
	EndGlobalSection
EndGlobal
